
Microsoft Visual Studio Solution File, Format Version 12.00
# Visual Studio 15
VisualStudioVersion = 15.0.27703.2042
MinimumVisualStudioVersion = 10.0.40219.1
Project("{FAE04EC0-301F-11D3-BF4B-00C04F79EFBC}") = "Lab7Validatoin", "Lab7Validatoin\Lab7Validatoin.csproj", "{EB20AC52-F199-4D0D-8C56-C1FFB3A65478}"
EndProject
Global
	GlobalSection(SolutionConfigurationPlatforms) = preSolution
		Debug|Any CPU = Debug|Any CPU
		Release|Any CPU = Release|Any CPU
	EndGlobalSection
	GlobalSection(ProjectConfigurationPlatforms) = postSolution
		{EB20AC52-F199-4D0D-8C56-C1FFB3A65478}.Debug|Any CPU.ActiveCfg = Debug|Any CPU
		{EB20AC52-F199-4D0D-8C56-C1FFB3A65478}.Debug|Any CPU.Build.0 = Debug|Any CPU
		{EB20AC52-F199-4D0D-8C56-C1FFB3A65478}.Release|Any CPU.ActiveCfg = Release|Any CPU
		{EB20AC52-F199-4D0D-8C56-C1FFB3A65478}.Release|Any CPU.Build.0 = Release|Any CPU
	EndGlobalSection
	GlobalSection(SolutionProperties) = preSolution
		HideSolutionNode = FALSE
	EndGlobalSection
	GlobalSection(ExtensibilityGlobals) = postSolution
		SolutionGuid = {B2F13734-FA8B-4084-87DB-5610492F3258}
	EndGlobalSection
EndGlobal
